<?xml version="1.0" encoding="utf-8"?>
<Project ToolsVersion="4.0" xmlns="http://schemas.microsoft.com/developer/msbuild/2003">
  <ItemGroup>
    <Filter Include="资源文件">
      <UniqueIdentifier>{67DA6AB6-F800-4c08-8B7A-83BB121AAD01}</UniqueIdentifier>
      <Extensions>rc;ico;cur;bmp;dlg;rc2;rct;bin;rgs;gif;jpg;jpeg;jpe;resx;tiff;tif;png;wav;mfcribbon-ms</Extensions>
    </Filter>
    <Filter Include="vm">
      <UniqueIdentifier>{862d74b9-944a-4d89-8d5b-884cd57e4c95}</UniqueIdentifier>
    </Filter>
    <Filter Include="optional">
      <UniqueIdentifier>{4cce725a-e83e-407b-8b6b-dc3e8b8b018a}</UniqueIdentifier>
    </Filter>
  </ItemGroup>
  <ItemGroup>
    <ClCompile Include="..\..\..\src\vm\wren_compiler.c">
      <Filter>vm</Filter>
    </ClCompile>
    <ClCompile Include="..\..\..\src\vm\wren_core.c">
      <Filter>vm</Filter>
    </ClCompile>
    <ClCompile Include="..\..\..\src\vm\wren_debug.c">
      <Filter>vm</Filter>
    </ClCompile>
    <ClCompile Include="..\..\..\src\vm\wren_primitive.c">
      <Filter>vm</Filter>
    </ClCompile>
    <ClCompile Include="..\..\..\src\vm\wren_utils.c">
      <Filter>vm</Filter>
    </ClCompile>
    <ClCompile Include="..\..\..\src\vm\wren_value.c">
      <Filter>vm</Filter>
    </ClCompile>
    <ClCompile Include="..\..\..\src\vm\wren_vm.c">
      <Filter>vm</Filter>
    </ClCompile>
    <ClCompile Include="..\..\..\src\optional\wren_opt_meta.c">
      <Filter>optional</Filter>
    </ClCompile>
    <ClCompile Include="..\..\..\src\optional\wren_opt_random.c">
      <Filter>optional</Filter>
    </ClCompile>
  </ItemGroup>
  <ItemGroup>
    <ClInclude Include="..\..\..\src\vm\wren_compiler.h">
      <Filter>vm</Filter>
    </ClInclude>
    <ClInclude Include="..\..\..\src\vm\wren_core.h">
      <Filter>vm</Filter>
    </ClInclude>
    <ClInclude Include="..\..\..\src\vm\wren_debug.h">
      <Filter>vm</Filter>
    </ClInclude>
    <ClInclude Include="..\..\..\src\vm\wren_opcodes.h">
      <Filter>vm</Filter>
    </ClInclude>
    <ClInclude Include="..\..\..\src\vm\wren_primitive.h">
      <Filter>vm</Filter>
    </ClInclude>
    <ClInclude Include="..\..\..\src\vm\wren_utils.h">
      <Filter>vm</Filter>
    </ClInclude>
    <ClInclude Include="..\..\..\src\vm\wren_value.h">
      <Filter>vm</Filter>
    </ClInclude>
    <ClInclude Include="..\..\..\src\vm\wren_vm.h">
      <Filter>vm</Filter>
    </ClInclude>
    <ClInclude Include="..\..\..\src\optional\wren_opt_meta.h">
      <Filter>optional</Filter>
    </ClInclude>
    <ClInclude Include="..\..\..\src\optional\wren_opt_random.h">
      <Filter>optional</Filter>
    </ClInclude>
    <ClInclude Include="..\..\..\src\include\wren.h">
      <Filter>vm</Filter>
    </ClInclude>
  </ItemGroup>
</Project>